// !$*UTF8*$!
{
	archiveVersion = 1;
	classes = {
	};
	objectVersion = 50;
	objects = {

/* Begin PBXBuildFile section */
		AEF4073E26068BCB0091B139 /* AppDelegate.swift in Sources */ = {isa = PBXBuildFile; fileRef = AEF4073D26068BCB0091B139 /* AppDelegate.swift */; };
		AEF4074026068BCB0091B139 /* SceneDelegate.swift in Sources */ = {isa = PBXBuildFile; fileRef = AEF4073F26068BCB0091B139 /* SceneDelegate.swift */; };
		AEF4074226068BCB0091B139 /* ViewController.swift in Sources */ = {isa = PBXBuildFile; fileRef = AEF4074126068BCB0091B139 /* ViewController.swift */; };
		AEF4074526068BCC0091B139 /* Main.storyboard in Resources */ = {isa = PBXBuildFile; fileRef = AEF4074326068BCC0091B139 /* Main.storyboard */; };
		AEF4074726068BCF0091B139 /* Assets.xcassets in Resources */ = {isa = PBXBuildFile; fileRef = AEF4074626068BCF0091B139 /* Assets.xcassets */; };
		AEF4074A26068BCF0091B139 /* LaunchScreen.storyboard in Resources */ = {isa = PBXBuildFile; fileRef = AEF4074826068BCF0091B139 /* LaunchScreen.storyboard */; };
		AEF4075526068BCF0091B139 /* UIImageMaskTests.swift in Sources */ = {isa = PBXBuildFile; fileRef = AEF4075426068BCF0091B139 /* UIImageMaskTests.swift */; };
		AEF4076026068BCF0091B139 /* UIImageMaskUITests.swift in Sources */ = {isa = PBXBuildFile; fileRef = AEF4075F26068BCF0091B139 /* UIImageMaskUITests.swift */; };
/* End PBXBuildFile section */

/* Begin PBXContainerItemProxy section */
		AEF4075126068BCF0091B139 /* PBXContainerItemProxy */ = {
			isa = PBXContainerItemProxy;
			containerPortal = AEF4073226068BCB0091B139 /* Project object */;
			proxyType = 1;
			remoteGlobalIDString = AEF4073926068BCB0091B139;
			remoteInfo = UIImageMask;
		};
		AEF4075C26068BCF0091B139 /* PBXContainerItemProxy */ = {
			isa = PBXContainerItemProxy;
			containerPortal = AEF4073226068BCB0091B139 /* Project object */;
			proxyType = 1;
			remoteGlobalIDString = AEF4073926068BCB0091B139;
			remoteInfo = UIImageMask;
		};
/* End PBXContainerItemProxy section */

/* Begin PBXFileReference section */
		AEF4073A26068BCB0091B139 /* UIImageMask.app */ = {isa = PBXFileReference; explicitFileType = wrapper.application; includeInIndex = 0; path = UIImageMask.app; sourceTree = BUILT_PRODUCTS_DIR; };
		AEF4073D26068BCB0091B139 /* AppDelegate.swift */ = {isa = PBXFileReference; lastKnownFileType = sourcecode.swift; path = AppDelegate.swift; sourceTree = "<group>"; };
		AEF4073F26068BCB0091B139 /* SceneDelegate.swift */ = {isa = PBXFileReference; lastKnownFileType = sourcecode.swift; path = SceneDelegate.swift; sourceTree = "<group>"; };
		AEF4074126068BCB0091B139 /* ViewController.swift */ = {isa = PBXFileReference; lastKnownFileType = sourcecode.swift; path = ViewController.swift; sourceTree = "<group>"; };
		AEF4074426068BCC0091B139 /* Base */ = {isa = PBXFileReference; lastKnownFileType = file.storyboard; name = Base; path = Base.lproj/Main.storyboard; sourceTree = "<group>"; };
		AEF4074626068BCF0091B139 /* Assets.xcassets */ = {isa = PBXFileReference; lastKnownFileType = folder.assetcatalog; path = Assets.xcassets; sourceTree = "<group>"; };
		AEF4074926068BCF0091B139 /* Base */ = {isa = PBXFileReference; lastKnownFileType = file.storyboard; name = Base; path = Base.lproj/LaunchScreen.storyboard; sourceTree = "<group>"; };
		AEF4074B26068BCF0091B139 /* Info.plist */ = {isa = PBXFileReference; lastKnownFileType = text.plist.xml; path = Info.plist; sourceTree = "<group>"; };
		AEF4075026068BCF0091B139 /* UIImageMaskTests.xctest */ = {isa = PBXFileReference; explicitFileType = wrapper.cfbundle; includeInIndex = 0; path = UIImageMaskTests.xctest; sourceTree = BUILT_PRODUCTS_DIR; };
		AEF4075426068BCF0091B139 /* UIImageMaskTests.swift */ = {isa = PBXFileReference; lastKnownFileType = sourcecode.swift; path = UIImageMaskTests.swift; sourceTree = "<group>"; };
		AEF4075626068BCF0091B139 /* Info.plist */ = {isa = PBXFileReference; lastKnownFileType = text.plist.xml; path = Info.plist; sourceTree = "<group>"; };
		AEF4075B26068BCF0091B139 /* UIImageMaskUITests.xctest */ = {isa = PBXFileReference; explicitFileType = wrapper.cfbundle; includeInIndex = 0; path = UIImageMaskUITests.xctest; sourceTree = BUILT_PRODUCTS_DIR; };
		AEF4075F26068BCF0091B139 /* UIImageMaskUITests.swift */ = {isa = PBXFileReference; lastKnownFileType = sourcecode.swift; path = UIImageMaskUITests.swift; sourceTree = "<group>"; };
		AEF4076126068BCF0091B139 /* Info.plist */ = {isa = PBXFileReference; lastKnownFileType = text.plist.xml; path = Info.plist; sourceTree = "<group>"; };
/* End PBXFileReference section */

/* Begin PBXFrameworksBuildPhase section */
		AEF4073726068BCB0091B139 /* Frameworks */ = {
			isa = PBXFrameworksBuildPhase;
			buildActionMask = 2147483647;
			files = (
			);
			runOnlyForDeploymentPostprocessing = 0;
		};
		AEF4074D26068BCF0091B139 /* Frameworks */ = {
			isa = PBXFrameworksBuildPhase;
			buildActionMask = 2147483647;
			files = (
			);
			runOnlyForDeploymentPostprocessing = 0;
		};
		AEF4075826068BCF0091B139 /* Frameworks */ = {
			isa = PBXFrameworksBuildPhase;
			buildActionMask = 2147483647;
			files = (
			);
			runOnlyForDeploymentPostprocessing = 0;
		};
/* End PBXFrameworksBuildPhase section */

/* Begin PBXGroup section */
		AEF4073126068BCB0091B139 = {
			isa = PBXGroup;
			children = (
				AEF4073C26068BCB0091B139 /* UIImageMask */,
				AEF4075326068BCF0091B139 /* UIImageMaskTests */,
				AEF4075E26068BCF0091B139 /* UIImageMaskUITests */,
				AEF4073B26068BCB0091B139 /* Products */,
			);
			sourceTree = "<group>";
		};
		AEF4073B26068BCB0091B139 /* Products */ = {
			isa = PBXGroup;
			children = (
				AEF4073A26068BCB0091B139 /* UIImageMask.app */,
				AEF4075026068BCF0091B139 /* UIImageMaskTests.xctest */,
				AEF4075B26068BCF0091B139 /* UIImageMaskUITests.xctest */,
			);
			name = Products;
			sourceTree = "<group>";
		};
		AEF4073C26068BCB0091B139 /* UIImageMask */ = {
			isa = PBXGroup;
			children = (
				AEF4073D26068BCB0091B139 /* AppDelegate.swift */,
				AEF4073F26068BCB0091B139 /* SceneDelegate.swift */,
				AEF4074126068BCB0091B139 /* ViewController.swift */,
				AEF4074326068BCC0091B139 /* Main.storyboard */,
				AEF4074626068BCF0091B139 /* Assets.xcassets */,
				AEF4074826068BCF0091B139 /* LaunchScreen.storyboard */,
				AEF4074B26068BCF0091B139 /* Info.plist */,
			);
			path = UIImageMask;
			sourceTree = "<group>";
		};
		AEF4075326068BCF0091B139 /* UIImageMaskTests */ = {
			isa = PBXGroup;
			children = (
				AEF4075426068BCF0091B139 /* UIImageMaskTests.swift */,
				AEF4075626068BCF0091B139 /* Info.plist */,
			);
			path = UIImageMaskTests;
			sourceTree = "<group>";
		};
		AEF4075E26068BCF0091B139 /* UIImageMaskUITests */ = {
			isa = PBXGroup;
			children = (
				AEF4075F26068BCF0091B139 /* UIImageMaskUITests.swift */,
				AEF4076126068BCF0091B139 /* Info.plist */,
			);
			path = UIImageMaskUITests;
			sourceTree = "<group>";
		};
/* End PBXGroup section */

/* Begin PBXNativeTarget section */
		AEF4073926068BCB0091B139 /* UIImageMask */ = {
			isa = PBXNativeTarget;
			buildConfigurationList = AEF4076426068BCF0091B139 /* Build configuration list for PBXNativeTarget "UIImageMask" */;
			buildPhases = (
				AEF4073626068BCB0091B139 /* Sources */,
				AEF4073726068BCB0091B139 /* Frameworks */,
				AEF4073826068BCB0091B139 /* Resources */,
			);
			buildRules = (
			);
			dependencies = (
			);
			name = UIImageMask;
			productName = UIImageMask;
			productReference = AEF4073A26068BCB0091B139 /* UIImageMask.app */;
			productType = "com.apple.product-type.application";
		};
		AEF4074F26068BCF0091B139 /* UIImageMaskTests */ = {
			isa = PBXNativeTarget;
			buildConfigurationList = AEF4076726068BCF0091B139 /* Build configuration list for PBXNativeTarget "UIImageMaskTests" */;
			buildPhases = (
				AEF4074C26068BCF0091B139 /* Sources */,
				AEF4074D26068BCF0091B139 /* Frameworks */,
				AEF4074E26068BCF0091B139 /* Resources */,
			);
			buildRules = (
			);
			dependencies = (
				AEF4075226068BCF0091B139 /* PBXTargetDependency */,
			);
			name = UIImageMaskTests;
			productName = UIImageMaskTests;
			productReference = AEF4075026068BCF0091B139 /* UIImageMaskTests.xctest */;
			productType = "com.apple.product-type.bundle.unit-test";
		};
		AEF4075A26068BCF0091B139 /* UIImageMaskUITests */ = {
			isa = PBXNativeTarget;
			buildConfigurationList = AEF4076A26068BCF0091B139 /* Build configuration list for PBXNativeTarget "UIImageMaskUITests" */;
			buildPhases = (
				AEF4075726068BCF0091B139 /* Sources */,
				AEF4075826068BCF0091B139 /* Frameworks */,
				AEF4075926068BCF0091B139 /* Resources */,
			);
			buildRules = (
			);
			dependencies = (
				AEF4075D26068BCF0091B139 /* PBXTargetDependency */,
			);
			name = UIImageMaskUITests;
			productName = UIImageMaskUITests;
			productReference = AEF4075B26068BCF0091B139 /* UIImageMaskUITests.xctest */;
			productType = "com.apple.product-type.bundle.ui-testing";
		};
/* End PBXNativeTarget section */

/* Begin PBXProject section */
		AEF4073226068BCB0091B139 /* Project object */ = {
			isa = PBXProject;
			attributes = {
				LastSwiftUpdateCheck = 1240;
				LastUpgradeCheck = 1240;
				TargetAttributes = {
					AEF4073926068BCB0091B139 = {
						CreatedOnToolsVersion = 12.4;
					};
					AEF4074F26068BCF0091B139 = {
						CreatedOnToolsVersion = 12.4;
						TestTargetID = AEF4073926068BCB0091B139;
					};
					AEF4075A26068BCF0091B139 = {
						CreatedOnToolsVersion = 12.4;
						TestTargetID = AEF4073926068BCB0091B139;
					};
				};
			};
			buildConfigurationList = AEF4073526068BCB0091B139 /* Build configuration list for PBXProject "UIImageMask" */;
			compatibilityVersion = "Xcode 9.3";
			developmentRegion = en;
			hasScannedForEncodings = 0;
			knownRegions = (
				en,
				Base,
			);
			mainGroup = AEF4073126068BCB0091B139;
			productRefGroup = AEF4073B26068BCB0091B139 /* Products */;
			projectDirPath = "";
			projectRoot = "";
			targets = (
				AEF4073926068BCB0091B139 /* UIImageMask */,
				AEF4074F26068BCF0091B139 /* UIImageMaskTests */,
				AEF4075A26068BCF0091B139 /* UIImageMaskUITests */,
			);
		};
/* End PBXProject section */

/* Begin PBXResourcesBuildPhase section */
		AEF4073826068BCB0091B139 /* Resources */ = {
			isa = PBXResourcesBuildPhase;
			buildActionMask = 2147483647;
			files = (
				AEF4074A26068BCF0091B139 /* LaunchScreen.storyboard in Resources */,
				AEF4074726068BCF0091B139 /* Assets.xcassets in Resources */,
				AEF4074526068BCC0091B139 /* Main.storyboard in Resources */,
			);
			runOnlyForDeploymentPostprocessing = 0;
		};
		AEF4074E26068BCF0091B139 /* Resources */ = {
			isa = PBXResourcesBuildPhase;
			buildActionMask = 2147483647;
			files = (
			);
			runOnlyForDeploymentPostprocessing = 0;
		};
		AEF4075926068BCF0091B139 /* Resources */ = {
			isa = PBXResourcesBuildPhase;
			buildActionMask = 2147483647;
			files = (
			);
			runOnlyForDeploymentPostprocessing = 0;
		};
/* End PBXResourcesBuildPhase section */

/* Begin PBXSourcesBuildPhase section */
		AEF4073626068BCB0091B139 /* Sources */ = {
			isa = PBXSourcesBuildPhase;
			buildActionMask = 2147483647;
			files = (
				AEF4074226068BCB0091B139 /* ViewController.swift in Sources */,
				AEF4073E26068BCB0091B139 /* AppDelegate.swift in Sources */,
				AEF4074026068BCB0091B139 /* SceneDelegate.swift in Sources */,
			);
			runOnlyForDeploymentPostprocessing = 0;
		};
		AEF4074C26068BCF0091B139 /* Sources */ = {
			isa = PBXSourcesBuildPhase;
			buildActionMask = 2147483647;
			files = (
				AEF4075526068BCF0091B139 /* UIImageMaskTests.swift in Sources */,
			);
			runOnlyForDeploymentPostprocessing = 0;
		};
		AEF4075726068BCF0091B139 /* Sources */ = {
			isa = PBXSourcesBuildPhase;
			buildActionMask = 2147483647;
			files = (
				AEF4076026068BCF0091B139 /* UIImageMaskUITests.swift in Sources */,
			);
			runOnlyForDeploymentPostprocessing = 0;
		};
/* End PBXSourcesBuildPhase section */

/* Begin PBXTargetDependency section */
		AEF4075226068BCF0091B139 /* PBXTargetDependency */ = {
			isa = PBXTargetDependency;
			target = AEF4073926068BCB0091B139 /* UIImageMask */;
			targetProxy = AEF4075126068BCF0091B139 /* PBXContainerItemProxy */;
		};
		AEF4075D26068BCF0091B139 /* PBXTargetDependency */ = {
			isa = PBXTargetDependency;
			target = AEF4073926068BCB0091B139 /* UIImageMask */;
			targetProxy = AEF4075C26068BCF0091B139 /* PBXContainerItemProxy */;
		};
/* End PBXTargetDependency section */

/* Begin PBXVariantGroup section */
		AEF4074326068BCC0091B139 /* Main.storyboard */ = {
			isa = PBXVariantGroup;
			children = (
				AEF4074426068BCC0091B139 /* Base */,
			);
			name = Main.storyboard;
			sourceTree = "<group>";
		};
		AEF4074826068BCF0091B139 /* LaunchScreen.storyboard */ = {
			isa = PBXVariantGroup;
			children = (
				AEF4074926068BCF0091B139 /* Base */,
			);
			name = LaunchScreen.storyboard;
			sourceTree = "<group>";
		};
/* End PBXVariantGroup section */

/* Begin XCBuildConfiguration section */
		AEF4076226068BCF0091B139 /* Debug */ = {
			isa = XCBuildConfiguration;
			buildSettings = {
				ALWAYS_SEARCH_USER_PATHS = NO;
				CLANG_ANALYZER_NONNULL = YES;
				CLANG_ANALYZER_NUMBER_OBJECT_CONVERSION = YES_AGGRESSIVE;
				CLANG_CXX_LANGUAGE_STANDARD = "gnu++14";
				CLANG_CXX_LIBRARY = "libc++";
				CLANG_ENABLE_MODULES = YES;
				CLANG_ENABLE_OBJC_ARC = YES;
				CLANG_ENABLE_OBJC_WEAK = YES;
				CLANG_WARN_BLOCK_CAPTURE_AUTORELEASING = YES;
				CLANG_WARN_BOOL_CONVERSION = YES;
				CLANG_WARN_COMMA = YES;
				CLANG_WARN_CONSTANT_CONVERSION = YES;
				CLANG_WARN_DEPRECATED_OBJC_IMPLEMENTATIONS = YES;
				CLANG_WARN_DIRECT_OBJC_ISA_USAGE = YES_ERROR;
				CLANG_WARN_DOCUMENTATION_COMMENTS = YES;
				CLANG_WARN_EMPTY_BODY = YES;
				CLANG_WARN_ENUM_CONVERSION = YES;
				CLANG_WARN_INFINITE_RECURSION = YES;
				CLANG_WARN_INT_CONVERSION = YES;
				CLANG_WARN_NON_LITERAL_NULL_CONVERSION = YES;
				CLANG_WARN_OBJC_IMPLICIT_RETAIN_SELF = YES;
				CLANG_WARN_OBJC_LITERAL_CONVERSION = YES;
				CLANG_WARN_OBJC_ROOT_CLASS = YES_ERROR;
				CLANG_WARN_QUOTED_INCLUDE_IN_FRAMEWORK_HEADER = YES;
				CLANG_WARN_RANGE_LOOP_ANALYSIS = YES;
				CLANG_WARN_STRICT_PROTOTYPES = YES;
				CLANG_WARN_SUSPICIOUS_MOVE = YES;
				CLANG_WARN_UNGUARDED_AVAILABILITY = YES_AGGRESSIVE;
				CLANG_WARN_UNREACHABLE_CODE = YES;
				CLANG_WARN__DUPLICATE_METHOD_MATCH = YES;
				COPY_PHASE_STRIP = NO;
				DEBUG_INFORMATION_FORMAT = dwarf;
				ENABLE_STRICT_OBJC_MSGSEND = YES;
				ENABLE_TESTABILITY = YES;
				GCC_C_LANGUAGE_STANDARD = gnu11;
				GCC_DYNAMIC_NO_PIC = NO;
				GCC_NO_COMMON_BLOCKS = YES;
				GCC_OPTIMIZATION_LEVEL = 0;
				GCC_PREPROCESSOR_DEFINITIONS = (
					"DEBUG=1",
					"$(inherited)",
				);
				GCC_WARN_64_TO_32_BIT_CONVERSION = YES;
				GCC_WARN_ABOUT_RETURN_TYPE = YES_ERROR;
				GCC_WARN_UNDECLARED_SELECTOR = YES;
				GCC_WARN_UNINITIALIZED_AUTOS = YES_AGGRESSIVE;
				GCC_WARN_UNUSED_FUNCTION = YES;
				GCC_WARN_UNUSED_VARIABLE = YES;
				IPHONEOS_DEPLOYMENT_TARGET = 14.4;
				MTL_ENABLE_DEBUG_INFO = INCLUDE_SOURCE;
				MTL_FAST_MATH = YES;
				ONLY_ACTIVE_ARCH = YES;
				SDKROOT = iphoneos;
				SWIFT_ACTIVE_COMPILATION_CONDITIONS = DEBUG;
				SWIFT_OPTIMIZATION_LEVEL = "-Onone";
			};
			name = Debug;
		};
		AEF4076326068BCF0091B139 /* Release */ = {
			isa = XCBuildConfiguration;
			buildSettings = {
				ALWAYS_SEARCH_USER_PATHS = NO;
				CLANG_ANALYZER_NONNULL = YES;
				CLANG_ANALYZER_NUMBER_OBJECT_CONVERSION = YES_AGGRESSIVE;
				CLANG_CXX_LANGUAGE_STANDARD = "gnu++14";
				CLANG_CXX_LIBRARY = "libc++";
				CLANG_ENABLE_MODULES = YES;
				CLANG_ENABLE_OBJC_ARC = YES;
				CLANG_ENABLE_OBJC_WEAK = YES;
				CLANG_WARN_BLOCK_CAPTURE_AUTORELEASING = YES;
				CLANG_WARN_BOOL_CONVERSION = YES;
				CLANG_WARN_COMMA = YES;
				CLANG_WARN_CONSTANT_CONVERSION = YES;
				CLANG_WARN_DEPRECATED_OBJC_IMPLEMENTATIONS = YES;
				CLANG_WARN_DIRECT_OBJC_ISA_USAGE = YES_ERROR;
				CLANG_WARN_DOCUMENTATION_COMMENTS = YES;
				CLANG_WARN_EMPTY_BODY = YES;
				CLANG_WARN_ENUM_CONVERSION = YES;
				CLANG_WARN_INFINITE_RECURSION = YES;
				CLANG_WARN_INT_CONVERSION = YES;
				CLANG_WARN_NON_LITERAL_NULL_CONVERSION = YES;
				CLANG_WARN_OBJC_IMPLICIT_RETAIN_SELF = YES;
				CLANG_WARN_OBJC_LITERAL_CONVERSION = YES;
				CLANG_WARN_OBJC_ROOT_CLASS = YES_ERROR;
				CLANG_WARN_QUOTED_INCLUDE_IN_FRAMEWORK_HEADER = YES;
				CLANG_WARN_RANGE_LOOP_ANALYSIS = YES;
				CLANG_WARN_STRICT_PROTOTYPES = YES;
				CLANG_WARN_SUSPICIOUS_MOVE = YES;
				CLANG_WARN_UNGUARDED_AVAILABILITY = YES_AGGRESSIVE;
				CLANG_WARN_UNREACHABLE_CODE = YES;
				CLANG_WARN__DUPLICATE_METHOD_MATCH = YES;
				COPY_PHASE_STRIP = NO;
				DEBUG_INFORMATION_FORMAT = "dwarf-with-dsym";
				ENABLE_NS_ASSERTIONS = NO;
				ENABLE_STRICT_OBJC_MSGSEND = YES;
				GCC_C_LANGUAGE_STANDARD = gnu11;
				GCC_NO_COMMON_BLOCKS = YES;
				GCC_WARN_64_TO_32_BIT_CONVERSION = YES;
				GCC_WARN_ABOUT_RETURN_TYPE = YES_ERROR;
				GCC_WARN_UNDECLARED_SELECTOR = YES;
				GCC_WARN_UNINITIALIZED_AUTOS = YES_AGGRESSIVE;
				GCC_WARN_UNUSED_FUNCTION = YES;
				GCC_WARN_UNUSED_VARIABLE = YES;
				IPHONEOS_DEPLOYMENT_TARGET = 14.4;
				MTL_ENABLE_DEBUG_INFO = NO;
				MTL_FAST_MATH = YES;
				SDKROOT = iphoneos;
				SWIFT_COMPILATION_MODE = wholemodule;
				SWIFT_OPTIMIZATION_LEVEL = "-O";
				VALIDATE_PRODUCT = YES;
			};
			name = Release;
		};
		AEF4076526068BCF0091B139 /* Debug */ = {
			isa = XCBuildConfiguration;
			buildSettings = {
				ASSETCATALOG_COMPILER_APPICON_NAME = AppIcon;
				ASSETCATALOG_COMPILER_GLOBAL_ACCENT_COLOR_NAME = AccentColor;
				CODE_SIGN_STYLE = Automatic;
				INFOPLIST_FILE = UIImageMask/Info.plist;
				LD_RUNPATH_SEARCH_PATHS = (
					"$(inherited)",
					"@executable_path/Frameworks",
				);
				PRODUCT_BUNDLE_IDENTIFIER = com.wareto.UIImageMask;
				PRODUCT_NAME = "$(TARGET_NAME)";
				SWIFT_VERSION = 5.0;
				TARGETED_DEVICE_FAMILY = "1,2";
			};
			name = Debug;
		};
		AEF4076626068BCF0091B139 /* Release */ = {
			isa = XCBuildConfiguration;
			buildSettings = {
				ASSETCATALOG_COMPILER_APPICON_NAME = AppIcon;
				ASSETCATALOG_COMPILER_GLOBAL_ACCENT_COLOR_NAME = AccentColor;
				CODE_SIGN_STYLE = Automatic;
				INFOPLIST_FILE = UIImageMask/Info.plist;
				LD_RUNPATH_SEARCH_PATHS = (
					"$(inherited)",
					"@executable_path/Frameworks",
				);
				PRODUCT_BUNDLE_IDENTIFIER = com.wareto.UIImageMask;
				PRODUCT_NAME = "$(TARGET_NAME)";
				SWIFT_VERSION = 5.0;
				TARGETED_DEVICE_FAMILY = "1,2";
			};
			name = Release;
		};
		AEF4076826068BCF0091B139 /* Debug */ = {
			isa = XCBuildConfiguration;
			buildSettings = {
				ALWAYS_EMBED_SWIFT_STANDARD_LIBRARIES = YES;
				BUNDLE_LOADER = "$(TEST_HOST)";
				CODE_SIGN_STYLE = Automatic;
				INFOPLIST_FILE = UIImageMaskTests/Info.plist;
				IPHONEOS_DEPLOYMENT_TARGET = 14.4;
				LD_RUNPATH_SEARCH_PATHS = (
					"$(inherited)",
					"@executable_path/Frameworks",
					"@loader_path/Frameworks",
				);
				PRODUCT_BUNDLE_IDENTIFIER = com.wareto.UIImageMaskTests;
				PRODUCT_NAME = "$(TARGET_NAME)";
				SWIFT_VERSION = 5.0;
				TARGETED_DEVICE_FAMILY = "1,2";
				TEST_HOST = "$(BUILT_PRODUCTS_DIR)/UIImageMask.app/UIImageMask";
			};
			name = Debug;
		};
		AEF4076926068BCF0091B139 /* Release */ = {
			isa = XCBuildConfiguration;
			buildSettings = {
				ALWAYS_EMBED_SWIFT_STANDARD_LIBRARIES = YES;
				BUNDLE_LOADER = "$(TEST_HOST)";
				CODE_SIGN_STYLE = Automatic;
				INFOPLIST_FILE = UIImageMaskTests/Info.plist;
				IPHONEOS_DEPLOYMENT_TARGET = 14.4;
				LD_RUNPATH_SEARCH_PATHS = (
					"$(inherited)",
					"@executable_path/Frameworks",
					"@loader_path/Frameworks",
				);
				PRODUCT_BUNDLE_IDENTIFIER = com.wareto.UIImageMaskTests;
				PRODUCT_NAME = "$(TARGET_NAME)";
				SWIFT_VERSION = 5.0;
				TARGETED_DEVICE_FAMILY = "1,2";
				TEST_HOST = "$(BUILT_PRODUCTS_DIR)/UIImageMask.app/UIImageMask";
			};
			name = Release;
		};
		AEF4076B26068BCF0091B139 /* Debug */ = {
			isa = XCBuildConfiguration;
			buildSettings = {
				ALWAYS_EMBED_SWIFT_STANDARD_LIBRARIES = YES;
				CODE_SIGN_STYLE = Automatic;
				INFOPLIST_FILE = UIImageMaskUITests/Info.plist;
				LD_RUNPATH_SEARCH_PATHS = (
					"$(inherited)",
					"@executable_path/Frameworks",
					"@loader_path/Frameworks",
				);
				PRODUCT_BUNDLE_IDENTIFIER = com.wareto.UIImageMaskUITests;
				PRODUCT_NAME = "$(TARGET_NAME)";
				SWIFT_VERSION = 5.0;
				TARGETED_DEVICE_FAMILY = "1,2";
				TEST_TARGET_NAME = UIImageMask;
			};
			name = Debug;
		};
		AEF4076C26068BCF0091B139 /* Release */ = {
			isa = XCBuildConfiguration;
			buildSettings = {
				ALWAYS_EMBED_SWIFT_STANDARD_LIBRARIES = YES;
				CODE_SIGN_STYLE = Automatic;
				INFOPLIST_FILE = UIImageMaskUITests/Info.plist;
				LD_RUNPATH_SEARCH_PATHS = (
					"$(inherited)",
					"@executable_path/Frameworks",
					"@loader_path/Frameworks",
				);
				PRODUCT_BUNDLE_IDENTIFIER = com.wareto.UIImageMaskUITests;
				PRODUCT_NAME = "$(TARGET_NAME)";
				SWIFT_VERSION = 5.0;
				TARGETED_DEVICE_FAMILY = "1,2";
				TEST_TARGET_NAME = UIImageMask;
			};
			name = Release;
		};
/* End XCBuildConfiguration section */

/* Begin XCConfigurationList section */
		AEF4073526068BCB0091B139 /* Build configuration list for PBXProject "UIImageMask" */ = {
			isa = XCConfigurationList;
			buildConfigurations = (
				AEF4076226068BCF0091B139 /* Debug */,
				AEF4076326068BCF0091B139 /* Release */,
			);
			defaultConfigurationIsVisible = 0;
			defaultConfigurationName = Release;
		};
		AEF4076426068BCF0091B139 /* Build configuration list for PBXNativeTarget "UIImageMask" */ = {
			isa = XCConfigurationList;
			buildConfigurations = (
				AEF4076526068BCF0091B139 /* Debug */,
				AEF4076626068BCF0091B139 /* Release */,
			);
			defaultConfigurationIsVisible = 0;
			defaultConfigurationName = Release;
		};
		AEF4076726068BCF0091B139 /* Build configuration list for PBXNativeTarget "UIImageMaskTests" */ = {
			isa = XCConfigurationList;
			buildConfigurations = (
				AEF4076826068BCF0091B139 /* Debug */,
				AEF4076926068BCF0091B139 /* Release */,
			);
			defaultConfigurationIsVisible = 0;
			defaultConfigurationName = Release;
		};
		AEF4076A26068BCF0091B139 /* Build configuration list for PBXNativeTarget "UIImageMaskUITests" */ = {
			isa = XCConfigurationList;
			buildConfigurations = (
				AEF4076B26068BCF0091B139 /* Debug */,
				AEF4076C26068BCF0091B139 /* Release */,
			);
			defaultConfigurationIsVisible = 0;
			defaultConfigurationName = Release;
		};
/* End XCConfigurationList section */
	};
	rootObject = AEF4073226068BCB0091B139 /* Project object */;
}
